[[package]]
name = "atomicwrites"
version = "1.4.0"
description = "Atomic file writes."
category = "dev"
optional = false
python-versions = ">=2.7, !=3.0.*, !=3.1.*, !=3.2.*, !=3.3.*"

[[package]]
name = "attrs"
version = "21.4.0"
description = "Classes Without Boilerplate"
category = "dev"
optional = false
python-versions = ">=2.7, !=3.0.*, !=3.1.*, !=3.2.*, !=3.3.*, !=3.4.*"

[package.extras]
dev = ["cloudpickle", "coverage[toml] (>=5.0.2)", "furo", "hypothesis", "mypy", "pre-commit", "pympler", "pytest (>=4.3.0)", "pytest-mypy-plugins", "six", "sphinx", "sphinx-notfound-page", "zope.interface"]
docs = ["furo", "sphinx", "sphinx-notfound-page", "zope.interface"]
tests = ["cloudpickle", "coverage[toml] (>=5.0.2)", "hypothesis", "mypy", "pympler", "pytest (>=4.3.0)", "pytest-mypy-plugins", "six", "zope.interface"]
tests_no_zope = ["cloudpickle", "coverage[toml] (>=5.0.2)", "hypothesis", "mypy", "pympler", "pytest (>=4.3.0)", "pytest-mypy-plugins", "six"]

[[package]]
name = "cairocffi"
version = "1.3.0"
description = "cffi-based cairo bindings for Python"
category = "main"
optional = false
python-versions = ">=3.7"

[package.dependencies]
cffi = ">=1.1.0"

[package.extras]
doc = ["sphinx", "sphinx-rtd-theme"]
test = ["pytest-cov", "pytest-flake8", "pytest-isort", "pytest-runner"]
xcb = ["xcffib (>=0.3.2)"]

[[package]]
name = "cairosvg"
version = "2.5.2"
description = "A Simple SVG Converter based on Cairo"
category = "main"
optional = false
python-versions = ">=3.5"

[package.dependencies]
cairocffi = "*"
cssselect2 = "*"
defusedxml = "*"
pillow = "*"
tinycss2 = "*"

[package.extras]
doc = ["sphinx", "sphinx-rtd-theme"]
test = ["pytest-cov", "pytest-flake8", "pytest-isort", "pytest-runner"]

[[package]]
name = "certifi"
version = "2022.5.18.1"
description = "Python package for providing Mozilla's CA Bundle."
category = "main"
optional = false
python-versions = ">=3.6"

[[package]]
name = "cffi"
version = "1.15.0"
description = "Foreign Function Interface for Python calling C code."
category = "main"
optional = false
python-versions = "*"

[package.dependencies]
pycparser = "*"

[[package]]
name = "colorama"
version = "0.4.4"
description = "Cross-platform colored terminal text."
category = "main"
optional = false
python-versions = ">=2.7, !=3.0.*, !=3.1.*, !=3.2.*, !=3.3.*, !=3.4.*"

[[package]]
name = "coverage"
version = "6.4.1"
description = "Code coverage measurement for Python"
category = "dev"
optional = false
python-versions = ">=3.7"

[package.dependencies]
tomli = {version = "*", optional = true, markers = "python_full_version <= \"3.11.0a6\" and extra == \"toml\""}

[package.extras]
toml = ["tomli"]

[[package]]
name = "cssselect2"
version = "0.6.0"
description = "CSS selectors for Python ElementTree"
category = "main"
optional = false
python-versions = ">=3.7"

[package.dependencies]
tinycss2 = "*"
webencodings = "*"

[package.extras]
doc = ["sphinx", "sphinx_rtd_theme"]
test = ["coverage[toml]", "pytest", "pytest-cov", "pytest-flake8", "pytest-isort"]

[[package]]
name = "defusedxml"
version = "0.7.1"
description = "XML bomb protection for Python stdlib modules"
category = "main"
optional = false
python-versions = ">=2.7, !=3.0.*, !=3.1.*, !=3.2.*, !=3.3.*, !=3.4.*"

[[package]]
name = "flake8"
version = "4.0.1"
description = "the modular source code checker: pep8 pyflakes and co"
category = "dev"
optional = false
python-versions = ">=3.6"

[package.dependencies]
mccabe = ">=0.6.0,<0.7.0"
pycodestyle = ">=2.8.0,<2.9.0"
pyflakes = ">=2.4.0,<2.5.0"

[[package]]
name = "GDAL"
version = "3.4.3"
description = "GDAL: Geospatial Data Abstraction Library"
category = "main"
optional = false
python-versions = ">=3.6.0"

[package.extras]
numpy = ["numpy (>1.0.0)"]

[[package]]
name = "iniconfig"
version = "1.1.1"
description = "iniconfig: brain-dead simple config-ini parsing"
category = "dev"
optional = false
python-versions = "*"

[[package]]
name = "mccabe"
version = "0.6.1"
description = "McCabe checker, plugin for flake8"
category = "dev"
optional = false
python-versions = "*"

[[package]]
name = "packaging"
version = "21.3"
description = "Core utilities for Python packages"
category = "dev"
optional = false
python-versions = ">=3.6"

[package.dependencies]
pyparsing = ">=2.0.2,<3.0.5 || >3.0.5"

[[package]]
name = "pangocairocffi"
version = "0.7.0"
description = "CFFI-based pango-cairo bindings for Python"
category = "main"
optional = false
python-versions = ">=3.6"

[package.dependencies]
cairocffi = ">=1.0.2"
cffi = ">=1.1.0"
pangocffi = ">=0.11.0"

[[package]]
name = "pangocffi"
version = "0.11.0"
description = "CFFI-based pango bindings for Python"
category = "main"
optional = false
python-versions = ">=3.6"

[package.dependencies]
cffi = ">=1.1.0"

[[package]]
name = "pillow"
version = "9.1.1"
description = "Python Imaging Library (Fork)"
category = "main"
optional = false
python-versions = ">=3.7"

[package.extras]
docs = ["olefile", "sphinx (>=2.4)", "sphinx-copybutton", "sphinx-issues (>=3.0.1)", "sphinx-removed-in", "sphinx-rtd-theme (>=1.0)", "sphinxext-opengraph"]
tests = ["check-manifest", "coverage", "defusedxml", "markdown2", "olefile", "packaging", "pyroma", "pytest", "pytest-cov", "pytest-timeout"]

[[package]]
name = "pluggy"
version = "1.0.0"
description = "plugin and hook calling mechanisms for python"
category = "dev"
optional = false
python-versions = ">=3.6"

[package.extras]
dev = ["pre-commit", "tox"]
testing = ["pytest", "pytest-benchmark"]

[[package]]
name = "py"
version = "1.11.0"
description = "library with cross-python path, ini-parsing, io, code, log facilities"
category = "dev"
optional = false
python-versions = ">=2.7, !=3.0.*, !=3.1.*, !=3.2.*, !=3.3.*, !=3.4.*"

[[package]]
name = "pycodestyle"
version = "2.8.0"
description = "Python style guide checker"
category = "dev"
optional = false
python-versions = ">=2.7, !=3.0.*, !=3.1.*, !=3.2.*, !=3.3.*, !=3.4.*"

[[package]]
name = "pycparser"
version = "2.21"
description = "C parser in Python"
category = "main"
optional = false
python-versions = ">=2.7, !=3.0.*, !=3.1.*, !=3.2.*, !=3.3.*"

[[package]]
name = "pyflakes"
version = "2.4.0"
description = "passive checker of Python programs"
category = "dev"
optional = false
python-versions = ">=2.7, !=3.0.*, !=3.1.*, !=3.2.*, !=3.3.*"

[[package]]
name = "pyparsing"
version = "3.0.9"
description = "pyparsing module - Classes and methods to define and execute parsing grammars"
category = "dev"
optional = false
python-versions = ">=3.6.8"

[package.extras]
diagrams = ["jinja2", "railroad-diagrams"]

[[package]]
name = "pyproj"
version = "3.3.1"
description = "Python interface to PROJ (cartographic projections and coordinate transformations library)"
category = "main"
optional = false
python-versions = ">=3.8"

[package.dependencies]
certifi = "*"

[[package]]
name = "pytest"
version = "7.1.2"
description = "pytest: simple powerful testing with Python"
category = "dev"
optional = false
python-versions = ">=3.7"

[package.dependencies]
atomicwrites = {version = ">=1.0", markers = "sys_platform == \"win32\""}
attrs = ">=19.2.0"
colorama = {version = "*", markers = "sys_platform == \"win32\""}
iniconfig = "*"
packaging = "*"
pluggy = ">=0.12,<2.0"
py = ">=1.8.2"
tomli = ">=1.0.0"

[package.extras]
testing = ["argcomplete", "hypothesis (>=3.56)", "mock", "nose", "pygments (>=2.7.2)", "requests", "xmlschema"]

[[package]]
name = "pytest-cov"
version = "3.0.0"
description = "Pytest plugin for measuring coverage."
category = "dev"
optional = false
python-versions = ">=3.6"

[package.dependencies]
coverage = {version = ">=5.2.1", extras = ["toml"]}
pytest = ">=4.6"

[package.extras]
testing = ["fields", "hunter", "process-tests", "pytest-xdist", "six", "virtualenv"]

[[package]]
name = "shapely"
version = "1.8.2"
description = "Geometric objects, predicates, and operations"
category = "main"
optional = false
python-versions = ">=3.6"

[package.extras]
all = ["numpy", "pytest", "pytest-cov"]
test = ["pytest", "pytest-cov"]
vectorized = ["numpy"]

[[package]]
name = "tinycss2"
version = "1.1.1"
description = "A tiny CSS parser"
category = "main"
optional = false
python-versions = ">=3.6"

[package.dependencies]
webencodings = ">=0.4"

[package.extras]
doc = ["sphinx", "sphinx_rtd_theme"]
test = ["coverage[toml]", "pytest", "pytest-cov", "pytest-flake8", "pytest-isort"]

[[package]]
name = "tomli"
version = "2.0.1"
description = "A lil' TOML parser"
category = "dev"
optional = false
python-versions = ">=3.7"

[[package]]
name = "tqdm"
version = "4.64.0"
description = "Fast, Extensible Progress Meter"
category = "main"
optional = false
python-versions = "!=3.0.*,!=3.1.*,!=3.2.*,!=3.3.*,>=2.7"

[package.dependencies]
colorama = {version = "*", markers = "platform_system == \"Windows\""}

[package.extras]
dev = ["py-make (>=0.1.0)", "twine", "wheel"]
notebook = ["ipywidgets (>=6)"]
slack = ["slack-sdk"]
telegram = ["requests"]

[[package]]
name = "webencodings"
version = "0.5.1"
description = "Character encoding aliases for legacy web content"
category = "main"
optional = false
python-versions = "*"

[metadata]
lock-version = "1.1"
python-versions = "^3.9"
content-hash = "671930621bf4d626210f2c24cc4f3bc79ba29fe8799d2154f1d3b43a3e3f9281"

[metadata.files]
atomicwrites = [
    {file = "atomicwrites-1.4.0-py2.py3-none-any.whl", hash = "sha256:6d1784dea7c0c8d4a5172b6c620f40b6e4cbfdf96d783691f2e1302a7b88e197"},
    {file = "atomicwrites-1.4.0.tar.gz", hash = "sha256:ae70396ad1a434f9c7046fd2dd196fc04b12f9e91ffb859164193be8b6168a7a"},
]
attrs = [
    {file = "attrs-21.4.0-py2.py3-none-any.whl", hash = "sha256:2d27e3784d7a565d36ab851fe94887c5eccd6a463168875832a1be79c82828b4"},
    {file = "attrs-21.4.0.tar.gz", hash = "sha256:626ba8234211db98e869df76230a137c4c40a12d72445c45d5f5b716f076e2fd"},
]
cairocffi = [
    {file = "cairocffi-1.3.0.tar.gz", hash = "sha256:108a3a7cb09e203bdd8501d9baad91d786d204561bd71e9364e8b34897c47b91"},
]
cairosvg = [
    {file = "CairoSVG-2.5.2-py3-none-any.whl", hash = "sha256:98c276b7e4f0caf01e5c7176765c104ffa1aa1461d63b2053b04ab663cf7052b"},
    {file = "CairoSVG-2.5.2.tar.gz", hash = "sha256:b0b9929cf5dba005178d746a8036fcf0025550f498ca54db61873322384783bc"},
]
certifi = [
    {file = "certifi-2022.5.18.1-py3-none-any.whl", hash = "sha256:f1d53542ee8cbedbe2118b5686372fb33c297fcd6379b050cca0ef13a597382a"},
    {file = "certifi-2022.5.18.1.tar.gz", hash = "sha256:9c5705e395cd70084351dd8ad5c41e65655e08ce46f2ec9cf6c2c08390f71eb7"},
]
cffi = [
    {file = "cffi-1.15.0-cp27-cp27m-macosx_10_9_x86_64.whl", hash = "sha256:c2502a1a03b6312837279c8c1bd3ebedf6c12c4228ddbad40912d671ccc8a962"},
    {file = "cffi-1.15.0-cp27-cp27m-manylinux1_i686.whl", hash = "sha256:23cfe892bd5dd8941608f93348c0737e369e51c100d03718f108bf1add7bd6d0"},
    {file = "cffi-1.15.0-cp27-cp27m-manylinux1_x86_64.whl", hash = "sha256:41d45de54cd277a7878919867c0f08b0cf817605e4eb94093e7516505d3c8d14"},
    {file = "cffi-1.15.0-cp27-cp27m-win32.whl", hash = "sha256:4a306fa632e8f0928956a41fa8e1d6243c71e7eb59ffbd165fc0b41e316b2474"},
    {file = "cffi-1.15.0-cp27-cp27m-win_amd64.whl", hash = "sha256:e7022a66d9b55e93e1a845d8c9eba2a1bebd4966cd8bfc25d9cd07d515b33fa6"},
    {file = "cffi-1.15.0-cp27-cp27mu-manylinux1_i686.whl", hash = "sha256:14cd121ea63ecdae71efa69c15c5543a4b5fbcd0bbe2aad864baca0063cecf27"},
    {file = "cffi-1.15.0-cp27-cp27mu-manylinux1_x86_64.whl", hash = "sha256:d4d692a89c5cf08a8557fdeb329b82e7bf609aadfaed6c0d79f5a449a3c7c023"},
    {file = "cffi-1.15.0-cp310-cp310-macosx_10_9_x86_64.whl", hash = "sha256:0104fb5ae2391d46a4cb082abdd5c69ea4eab79d8d44eaaf79f1b1fd806ee4c2"},
    {file = "cffi-1.15.0-cp310-cp310-macosx_11_0_arm64.whl", hash = "sha256:91ec59c33514b7c7559a6acda53bbfe1b283949c34fe7440bcf917f96ac0723e"},
    {file = "cffi-1.15.0-cp310-cp310-manylinux_2_12_i686.manylinux2010_i686.whl", hash = "sha256:f5c7150ad32ba43a07c4479f40241756145a1f03b43480e058cfd862bf5041c7"},
    {file = "cffi-1.15.0-cp310-cp310-manylinux_2_12_x86_64.manylinux2010_x86_64.whl", hash = "sha256:00c878c90cb53ccfaae6b8bc18ad05d2036553e6d9d1d9dbcf323bbe83854ca3"},
    {file = "cffi-1.15.0-cp310-cp310-manylinux_2_17_aarch64.manylinux2014_aarch64.whl", hash = "sha256:abb9a20a72ac4e0fdb50dae135ba5e77880518e742077ced47eb1499e29a443c"},
    {file = "cffi-1.15.0-cp310-cp310-manylinux_2_17_ppc64le.manylinux2014_ppc64le.whl", hash = "sha256:a5263e363c27b653a90078143adb3d076c1a748ec9ecc78ea2fb916f9b861962"},
    {file = "cffi-1.15.0-cp310-cp310-manylinux_2_17_s390x.manylinux2014_s390x.whl", hash = "sha256:f54a64f8b0c8ff0b64d18aa76675262e1700f3995182267998c31ae974fbc382"},
    {file = "cffi-1.15.0-cp310-cp310-win32.whl", hash = "sha256:c21c9e3896c23007803a875460fb786118f0cdd4434359577ea25eb556e34c55"},
    {file = "cffi-1.15.0-cp310-cp310-win_amd64.whl", hash = "sha256:5e069f72d497312b24fcc02073d70cb989045d1c91cbd53979366077959933e0"},
    {file = "cffi-1.15.0-cp36-cp36m-macosx_10_9_x86_64.whl", hash = "sha256:64d4ec9f448dfe041705426000cc13e34e6e5bb13736e9fd62e34a0b0c41566e"},
    {file = "cffi-1.15.0-cp36-cp36m-manylinux_2_17_aarch64.manylinux2014_aarch64.whl", hash = "sha256:2756c88cbb94231c7a147402476be2c4df2f6078099a6f4a480d239a8817ae39"},
    {file = "cffi-1.15.0-cp36-cp36m-manylinux_2_17_ppc64le.manylinux2014_ppc64le.whl", hash = "sha256:3b96a311ac60a3f6be21d2572e46ce67f09abcf4d09344c49274eb9e0bf345fc"},
    {file = "cffi-1.15.0-cp36-cp36m-manylinux_2_17_s390x.manylinux2014_s390x.whl", hash = "sha256:75e4024375654472cc27e91cbe9eaa08567f7fbdf822638be2814ce059f58032"},
    {file = "cffi-1.15.0-cp36-cp36m-manylinux_2_5_i686.manylinux1_i686.whl", hash = "sha256:59888172256cac5629e60e72e86598027aca6bf01fa2465bdb676d37636573e8"},
    {file = "cffi-1.15.0-cp36-cp36m-manylinux_2_5_x86_64.manylinux1_x86_64.whl", hash = "sha256:27c219baf94952ae9d50ec19651a687b826792055353d07648a5695413e0c605"},
    {file = "cffi-1.15.0-cp36-cp36m-win32.whl", hash = "sha256:4958391dbd6249d7ad855b9ca88fae690783a6be9e86df65865058ed81fc860e"},
    {file = "cffi-1.15.0-cp36-cp36m-win_amd64.whl", hash = "sha256:f6f824dc3bce0edab5f427efcfb1d63ee75b6fcb7282900ccaf925be84efb0fc"},
    {file = "cffi-1.15.0-cp37-cp37m-macosx_10_9_x86_64.whl", hash = "sha256:06c48159c1abed75c2e721b1715c379fa3200c7784271b3c46df01383b593636"},
    {file = "cffi-1.15.0-cp37-cp37m-manylinux_2_12_i686.manylinux2010_i686.whl", hash = "sha256:c2051981a968d7de9dd2d7b87bcb9c939c74a34626a6e2f8181455dd49ed69e4"},
    {file = "cffi-1.15.0-cp37-cp37m-manylinux_2_12_x86_64.manylinux2010_x86_64.whl", hash = "sha256:fd8a250edc26254fe5b33be00402e6d287f562b6a5b2152dec302fa15bb3e997"},
    {file = "cffi-1.15.0-cp37-cp37m-manylinux_2_17_aarch64.manylinux2014_aarch64.whl", hash = "sha256:91d77d2a782be4274da750752bb1650a97bfd8f291022b379bb8e01c66b4e96b"},
    {file = "cffi-1.15.0-cp37-cp37m-manylinux_2_17_ppc64le.manylinux2014_ppc64le.whl", hash = "sha256:45db3a33139e9c8f7c09234b5784a5e33d31fd6907800b316decad50af323ff2"},
    {file = "cffi-1.15.0-cp37-cp37m-manylinux_2_17_s390x.manylinux2014_s390x.whl", hash = "sha256:263cc3d821c4ab2213cbe8cd8b355a7f72a8324577dc865ef98487c1aeee2bc7"},
    {file = "cffi-1.15.0-cp37-cp37m-win32.whl", hash = "sha256:17771976e82e9f94976180f76468546834d22a7cc404b17c22df2a2c81db0c66"},
    {file = "cffi-1.15.0-cp37-cp37m-win_amd64.whl", hash = "sha256:3415c89f9204ee60cd09b235810be700e993e343a408693e80ce7f6a40108029"},
    {file = "cffi-1.15.0-cp38-cp38-macosx_10_9_x86_64.whl", hash = "sha256:4238e6dab5d6a8ba812de994bbb0a79bddbdf80994e4ce802b6f6f3142fcc880"},
    {file = "cffi-1.15.0-cp38-cp38-manylinux_2_12_i686.manylinux2010_i686.whl", hash = "sha256:0808014eb713677ec1292301ea4c81ad277b6cdf2fdd90fd540af98c0b101d20"},
    {file = "cffi-1.15.0-cp38-cp38-manylinux_2_12_x86_64.manylinux2010_x86_64.whl", hash = "sha256:57e9ac9ccc3101fac9d6014fba037473e4358ef4e89f8e181f8951a2c0162024"},
    {file = "cffi-1.15.0-cp38-cp38-manylinux_2_17_aarch64.manylinux2014_aarch64.whl", hash = "sha256:8b6c2ea03845c9f501ed1313e78de148cd3f6cad741a75d43a29b43da27f2e1e"},
    {file = "cffi-1.15.0-cp38-cp38-manylinux_2_17_ppc64le.manylinux2014_ppc64le.whl", hash = "sha256:10dffb601ccfb65262a27233ac273d552ddc4d8ae1bf93b21c94b8511bffe728"},
    {file = "cffi-1.15.0-cp38-cp38-manylinux_2_17_s390x.manylinux2014_s390x.whl", hash = "sha256:786902fb9ba7433aae840e0ed609f45c7bcd4e225ebb9c753aa39725bb3e6ad6"},
    {file = "cffi-1.15.0-cp38-cp38-win32.whl", hash = "sha256:da5db4e883f1ce37f55c667e5c0de439df76ac4cb55964655906306918e7363c"},
    {file = "cffi-1.15.0-cp38-cp38-win_amd64.whl", hash = "sha256:181dee03b1170ff1969489acf1c26533710231c58f95534e3edac87fff06c443"},
    {file = "cffi-1.15.0-cp39-cp39-macosx_10_9_x86_64.whl", hash = "sha256:45e8636704eacc432a206ac7345a5d3d2c62d95a507ec70d62f23cd91770482a"},
    {file = "cffi-1.15.0-cp39-cp39-macosx_11_0_arm64.whl", hash = "sha256:31fb708d9d7c3f49a60f04cf5b119aeefe5644daba1cd2a0fe389b674fd1de37"},
    {file = "cffi-1.15.0-cp39-cp39-manylinux_2_12_i686.manylinux2010_i686.whl", hash = "sha256:6dc2737a3674b3e344847c8686cf29e500584ccad76204efea14f451d4cc669a"},
    {file = "cffi-1.15.0-cp39-cp39-manylinux_2_12_x86_64.manylinux2010_x86_64.whl", hash = "sha256:74fdfdbfdc48d3f47148976f49fab3251e550a8720bebc99bf1483f5bfb5db3e"},
    {file = "cffi-1.15.0-cp39-cp39-manylinux_2_17_aarch64.manylinux2014_aarch64.whl", hash = "sha256:ffaa5c925128e29efbde7301d8ecaf35c8c60ffbcd6a1ffd3a552177c8e5e796"},
    {file = "cffi-1.15.0-cp39-cp39-manylinux_2_17_ppc64le.manylinux2014_ppc64le.whl", hash = "sha256:3f7d084648d77af029acb79a0ff49a0ad7e9d09057a9bf46596dac9514dc07df"},
    {file = "cffi-1.15.0-cp39-cp39-manylinux_2_17_s390x.manylinux2014_s390x.whl", hash = "sha256:ef1f279350da2c586a69d32fc8733092fd32cc8ac95139a00377841f59a3f8d8"},
    {file = "cffi-1.15.0-cp39-cp39-win32.whl", hash = "sha256:2a23af14f408d53d5e6cd4e3d9a24ff9e05906ad574822a10563efcef137979a"},
    {file = "cffi-1.15.0-cp39-cp39-win_amd64.whl", hash = "sha256:3773c4d81e6e818df2efbc7dd77325ca0dcb688116050fb2b3011218eda36139"},
    {file = "cffi-1.15.0.tar.gz", hash = "sha256:920f0d66a896c2d99f0adbb391f990a84091179542c205fa53ce5787aff87954"},
]
colorama = [
    {file = "colorama-0.4.4-py2.py3-none-any.whl", hash = "sha256:9f47eda37229f68eee03b24b9748937c7dc3868f906e8ba69fbcbdd3bc5dc3e2"},
    {file = "colorama-0.4.4.tar.gz", hash = "sha256:5941b2b48a20143d2267e95b1c2a7603ce057ee39fd88e7329b0c292aa16869b"},
]
coverage = [
    {file = "coverage-6.4.1-cp310-cp310-macosx_10_9_x86_64.whl", hash = "sha256:f1d5aa2703e1dab4ae6cf416eb0095304f49d004c39e9db1d86f57924f43006b"},
    {file = "coverage-6.4.1-cp310-cp310-macosx_11_0_arm64.whl", hash = "sha256:4ce1b258493cbf8aec43e9b50d89982346b98e9ffdfaae8ae5793bc112fb0068"},
    {file = "coverage-6.4.1-cp310-cp310-manylinux_2_17_aarch64.manylinux2014_aarch64.whl", hash = "sha256:83c4e737f60c6936460c5be330d296dd5b48b3963f48634c53b3f7deb0f34ec4"},
    {file = "coverage-6.4.1-cp310-cp310-manylinux_2_5_i686.manylinux1_i686.manylinux_2_17_i686.manylinux2014_i686.whl", hash = "sha256:84e65ef149028516c6d64461b95a8dbcfce95cfd5b9eb634320596173332ea84"},
    {file = "coverage-6.4.1-cp310-cp310-manylinux_2_5_x86_64.manylinux1_x86_64.manylinux_2_17_x86_64.manylinux2014_x86_64.whl", hash = "sha256:f69718750eaae75efe506406c490d6fc5a6161d047206cc63ce25527e8a3adad"},
    {file = "coverage-6.4.1-cp310-cp310-musllinux_1_1_aarch64.whl", hash = "sha256:e57816f8ffe46b1df8f12e1b348f06d164fd5219beba7d9433ba79608ef011cc"},
    {file = "coverage-6.4.1-cp310-cp310-musllinux_1_1_i686.whl", hash = "sha256:01c5615d13f3dd3aa8543afc069e5319cfa0c7d712f6e04b920431e5c564a749"},
    {file = "coverage-6.4.1-cp310-cp310-musllinux_1_1_x86_64.whl", hash = "sha256:75ab269400706fab15981fd4bd5080c56bd5cc07c3bccb86aab5e1d5a88dc8f4"},
    {file = "coverage-6.4.1-cp310-cp310-win32.whl", hash = "sha256:a7f3049243783df2e6cc6deafc49ea123522b59f464831476d3d1448e30d72df"},
    {file = "coverage-6.4.1-cp310-cp310-win_amd64.whl", hash = "sha256:ee2ddcac99b2d2aec413e36d7a429ae9ebcadf912946b13ffa88e7d4c9b712d6"},
    {file = "coverage-6.4.1-cp37-cp37m-macosx_10_9_x86_64.whl", hash = "sha256:fb73e0011b8793c053bfa85e53129ba5f0250fdc0392c1591fd35d915ec75c46"},
    {file = "coverage-6.4.1-cp37-cp37m-manylinux_2_17_aarch64.manylinux2014_aarch64.whl", hash = "sha256:106c16dfe494de3193ec55cac9640dd039b66e196e4641fa8ac396181578b982"},
    {file = "coverage-6.4.1-cp37-cp37m-manylinux_2_5_i686.manylinux1_i686.manylinux_2_17_i686.manylinux2014_i686.whl", hash = "sha256:87f4f3df85aa39da00fd3ec4b5abeb7407e82b68c7c5ad181308b0e2526da5d4"},
    {file = "coverage-6.4.1-cp37-cp37m-manylinux_2_5_x86_64.manylinux1_x86_64.manylinux_2_17_x86_64.manylinux2014_x86_64.whl", hash = "sha256:961e2fb0680b4f5ad63234e0bf55dfb90d302740ae9c7ed0120677a94a1590cb"},
    {file = "coverage-6.4.1-cp37-cp37m-musllinux_1_1_aarch64.whl", hash = "sha256:cec3a0f75c8f1031825e19cd86ee787e87cf03e4fd2865c79c057092e69e3a3b"},
    {file = "coverage-6.4.1-cp37-cp37m-musllinux_1_1_i686.whl", hash = "sha256:129cd05ba6f0d08a766d942a9ed4b29283aff7b2cccf5b7ce279d50796860bb3"},
    {file = "coverage-6.4.1-cp37-cp37m-musllinux_1_1_x86_64.whl", hash = "sha256:bf5601c33213d3cb19d17a796f8a14a9eaa5e87629a53979a5981e3e3ae166f6"},
    {file = "coverage-6.4.1-cp37-cp37m-win32.whl", hash = "sha256:269eaa2c20a13a5bf17558d4dc91a8d078c4fa1872f25303dddcbba3a813085e"},
    {file = "coverage-6.4.1-cp37-cp37m-win_amd64.whl", hash = "sha256:f02cbbf8119db68455b9d763f2f8737bb7db7e43720afa07d8eb1604e5c5ae28"},
    {file = "coverage-6.4.1-cp38-cp38-macosx_10_9_x86_64.whl", hash = "sha256:ffa9297c3a453fba4717d06df579af42ab9a28022444cae7fa605af4df612d54"},
    {file = "coverage-6.4.1-cp38-cp38-macosx_11_0_arm64.whl", hash = "sha256:145f296d00441ca703a659e8f3eb48ae39fb083baba2d7ce4482fb2723e050d9"},
    {file = "coverage-6.4.1-cp38-cp38-manylinux_2_17_aarch64.manylinux2014_aarch64.whl", hash = "sha256:d67d44996140af8b84284e5e7d398e589574b376fb4de8ccd28d82ad8e3bea13"},
    {file = "coverage-6.4.1-cp38-cp38-manylinux_2_5_i686.manylinux1_i686.manylinux_2_17_i686.manylinux2014_i686.whl", hash = "sha256:2bd9a6fc18aab8d2e18f89b7ff91c0f34ff4d5e0ba0b33e989b3cd4194c81fd9"},
    {file = "coverage-6.4.1-cp38-cp38-manylinux_2_5_x86_64.manylinux1_x86_64.manylinux_2_17_x86_64.manylinux2014_x86_64.whl", hash = "sha256:3384f2a3652cef289e38100f2d037956194a837221edd520a7ee5b42d00cc605"},
    {file = "coverage-6.4.1-cp38-cp38-musllinux_1_1_aarch64.whl", hash = "sha256:9b3e07152b4563722be523e8cd0b209e0d1a373022cfbde395ebb6575bf6790d"},
    {file = "coverage-6.4.1-cp38-cp38-musllinux_1_1_i686.whl", hash = "sha256:1480ff858b4113db2718848d7b2d1b75bc79895a9c22e76a221b9d8d62496428"},
    {file = "coverage-6.4.1-cp38-cp38-musllinux_1_1_x86_64.whl", hash = "sha256:865d69ae811a392f4d06bde506d531f6a28a00af36f5c8649684a9e5e4a85c83"},
    {file = "coverage-6.4.1-cp38-cp38-win32.whl", hash = "sha256:664a47ce62fe4bef9e2d2c430306e1428ecea207ffd68649e3b942fa8ea83b0b"},
    {file = "coverage-6.4.1-cp38-cp38-win_amd64.whl", hash = "sha256:26dff09fb0d82693ba9e6231248641d60ba606150d02ed45110f9ec26404ed1c"},
    {file = "coverage-6.4.1-cp39-cp39-macosx_10_9_x86_64.whl", hash = "sha256:d9c80df769f5ec05ad21ea34be7458d1dc51ff1fb4b2219e77fe24edf462d6df"},
    {file = "coverage-6.4.1-cp39-cp39-macosx_11_0_arm64.whl", hash = "sha256:39ee53946bf009788108b4dd2894bf1349b4e0ca18c2016ffa7d26ce46b8f10d"},
    {file = "coverage-6.4.1-cp39-cp39-manylinux_2_17_aarch64.manylinux2014_aarch64.whl", hash = "sha256:f5b66caa62922531059bc5ac04f836860412f7f88d38a476eda0a6f11d4724f4"},
    {file = "coverage-6.4.1-cp39-cp39-manylinux_2_5_i686.manylinux1_i686.manylinux_2_17_i686.manylinux2014_i686.whl", hash = "sha256:fd180ed867e289964404051a958f7cccabdeed423f91a899829264bb7974d3d3"},
    {file = "coverage-6.4.1-cp39-cp39-manylinux_2_5_x86_64.manylinux1_x86_64.manylinux_2_17_x86_64.manylinux2014_x86_64.whl", hash = "sha256:84631e81dd053e8a0d4967cedab6db94345f1c36107c71698f746cb2636c63e3"},
    {file = "coverage-6.4.1-cp39-cp39-musllinux_1_1_aarch64.whl", hash = "sha256:8c08da0bd238f2970230c2a0d28ff0e99961598cb2e810245d7fc5afcf1254e8"},
    {file = "coverage-6.4.1-cp39-cp39-musllinux_1_1_i686.whl", hash = "sha256:d42c549a8f41dc103a8004b9f0c433e2086add8a719da00e246e17cbe4056f72"},
    {file = "coverage-6.4.1-cp39-cp39-musllinux_1_1_x86_64.whl", hash = "sha256:309ce4a522ed5fca432af4ebe0f32b21d6d7ccbb0f5fcc99290e71feba67c264"},
    {file = "coverage-6.4.1-cp39-cp39-win32.whl", hash = "sha256:fdb6f7bd51c2d1714cea40718f6149ad9be6a2ee7d93b19e9f00934c0f2a74d9"},
    {file = "coverage-6.4.1-cp39-cp39-win_amd64.whl", hash = "sha256:342d4aefd1c3e7f620a13f4fe563154d808b69cccef415415aece4c786665397"},
    {file = "coverage-6.4.1-pp36.pp37.pp38-none-any.whl", hash = "sha256:4803e7ccf93230accb928f3a68f00ffa80a88213af98ed338a57ad021ef06815"},
    {file = "coverage-6.4.1.tar.gz", hash = "sha256:4321f075095a096e70aff1d002030ee612b65a205a0a0f5b815280d5dc58100c"},
]
cssselect2 = [
    {file = "cssselect2-0.6.0-py3-none-any.whl", hash = "sha256:3a83b2a68370c69c9cd3fcb88bbfaebe9d22edeef2c22d1ff3e1ed9c7fa45ed8"},
    {file = "cssselect2-0.6.0.tar.gz", hash = "sha256:5b5d6dea81a5eb0c9ca39f116c8578dd413778060c94c1f51196371618909325"},
]
defusedxml = [
    {file = "defusedxml-0.7.1-py2.py3-none-any.whl", hash = "sha256:a352e7e428770286cc899e2542b6cdaedb2b4953ff269a210103ec58f6198a61"},
    {file = "defusedxml-0.7.1.tar.gz", hash = "sha256:1bb3032db185915b62d7c6209c5a8792be6a32ab2fedacc84e01b52c51aa3e69"},
]
flake8 = [
    {file = "flake8-4.0.1-py2.py3-none-any.whl", hash = "sha256:479b1304f72536a55948cb40a32dce8bb0ffe3501e26eaf292c7e60eb5e0428d"},
    {file = "flake8-4.0.1.tar.gz", hash = "sha256:806e034dda44114815e23c16ef92f95c91e4c71100ff52813adf7132a6ad870d"},
]
GDAL = [
    {file = "GDAL-3.4.3.tar.gz", hash = "sha256:f4f4b0bb34073b164c5a05a1b0eb44af47349e5606eb7b75244c2167ac462f36"},
]
iniconfig = [
    {file = "iniconfig-1.1.1-py2.py3-none-any.whl", hash = "sha256:011e24c64b7f47f6ebd835bb12a743f2fbe9a26d4cecaa7f53bc4f35ee9da8b3"},
    {file = "iniconfig-1.1.1.tar.gz", hash = "sha256:bc3af051d7d14b2ee5ef9969666def0cd1a000e121eaea580d4a313df4b37f32"},
]
mccabe = [
    {file = "mccabe-0.6.1-py2.py3-none-any.whl", hash = "sha256:ab8a6258860da4b6677da4bd2fe5dc2c659cff31b3ee4f7f5d64e79735b80d42"},
    {file = "mccabe-0.6.1.tar.gz", hash = "sha256:dd8d182285a0fe56bace7f45b5e7d1a6ebcbf524e8f3bd87eb0f125271b8831f"},
]
packaging = [
    {file = "packaging-21.3-py3-none-any.whl", hash = "sha256:ef103e05f519cdc783ae24ea4e2e0f508a9c99b2d4969652eed6a2e1ea5bd522"},
    {file = "packaging-21.3.tar.gz", hash = "sha256:dd47c42927d89ab911e606518907cc2d3a1f38bbd026385970643f9c5b8ecfeb"},
]
pangocairocffi = [
    {file = "pangocairocffi-0.7.0.tar.gz", hash = "sha256:7fa437a88df45ad5e0d0538b6a7bcaaf1273f37a047fcdc8e4623fd6945048cc"},
]
pangocffi = [
    {file = "pangocffi-0.11.0.tar.gz", hash = "sha256:ef02ff5cad2d729d8b55cb54d1bfc57a1ea201278f6e979c4f8ea1f66bcfc64e"},
]
pillow = [
    {file = "Pillow-9.1.1-cp310-cp310-macosx_10_10_x86_64.whl", hash = "sha256:42dfefbef90eb67c10c45a73a9bc1599d4dac920f7dfcbf4ec6b80cb620757fe"},
    {file = "Pillow-9.1.1-cp310-cp310-macosx_11_0_arm64.whl", hash = "sha256:ffde4c6fabb52891d81606411cbfaf77756e3b561b566efd270b3ed3791fde4e"},
    {file = "Pillow-9.1.1-cp310-cp310-manylinux_2_17_aarch64.manylinux2014_aarch64.whl", hash = "sha256:9c857532c719fb30fafabd2371ce9b7031812ff3889d75273827633bca0c4602"},
    {file = "Pillow-9.1.1-cp310-cp310-manylinux_2_17_i686.manylinux2014_i686.whl", hash = "sha256:59789a7d06c742e9d13b883d5e3569188c16acb02eeed2510fd3bfdbc1bd1530"},
    {file = "Pillow-9.1.1-cp310-cp310-manylinux_2_17_x86_64.manylinux2014_x86_64.whl", hash = "sha256:4d45dbe4b21a9679c3e8b3f7f4f42a45a7d3ddff8a4a16109dff0e1da30a35b2"},
    {file = "Pillow-9.1.1-cp310-cp310-musllinux_1_1_x86_64.whl", hash = "sha256:e9ed59d1b6ee837f4515b9584f3d26cf0388b742a11ecdae0d9237a94505d03a"},
    {file = "Pillow-9.1.1-cp310-cp310-win32.whl", hash = "sha256:b3fe2ff1e1715d4475d7e2c3e8dabd7c025f4410f79513b4ff2de3d51ce0fa9c"},
    {file = "Pillow-9.1.1-cp310-cp310-win_amd64.whl", hash = "sha256:5b650dbbc0969a4e226d98a0b440c2f07a850896aed9266b6fedc0f7e7834108"},
    {file = "Pillow-9.1.1-cp37-cp37m-macosx_10_10_x86_64.whl", hash = "sha256:0b4d5ad2cd3a1f0d1df882d926b37dbb2ab6c823ae21d041b46910c8f8cd844b"},
    {file = "Pillow-9.1.1-cp37-cp37m-manylinux_2_17_aarch64.manylinux2014_aarch64.whl", hash = "sha256:9370d6744d379f2de5d7fa95cdbd3a4d92f0b0ef29609b4b1687f16bc197063d"},
    {file = "Pillow-9.1.1-cp37-cp37m-manylinux_2_17_i686.manylinux2014_i686.whl", hash = "sha256:b761727ed7d593e49671d1827044b942dd2f4caae6e51bab144d4accf8244a84"},
    {file = "Pillow-9.1.1-cp37-cp37m-manylinux_2_17_x86_64.manylinux2014_x86_64.whl", hash = "sha256:8a66fe50386162df2da701b3722781cbe90ce043e7d53c1fd6bd801bca6b48d4"},
    {file = "Pillow-9.1.1-cp37-cp37m-win32.whl", hash = "sha256:2b291cab8a888658d72b575a03e340509b6b050b62db1f5539dd5cd18fd50578"},
    {file = "Pillow-9.1.1-cp37-cp37m-win_amd64.whl", hash = "sha256:1d4331aeb12f6b3791911a6da82de72257a99ad99726ed6b63f481c0184b6fb9"},
    {file = "Pillow-9.1.1-cp38-cp38-macosx_10_10_x86_64.whl", hash = "sha256:8844217cdf66eabe39567118f229e275f0727e9195635a15e0e4b9227458daaf"},
    {file = "Pillow-9.1.1-cp38-cp38-macosx_11_0_arm64.whl", hash = "sha256:b6617221ff08fbd3b7a811950b5c3f9367f6e941b86259843eab77c8e3d2b56b"},
    {file = "Pillow-9.1.1-cp38-cp38-manylinux_2_17_aarch64.manylinux2014_aarch64.whl", hash = "sha256:20d514c989fa28e73a5adbddd7a171afa5824710d0ab06d4e1234195d2a2e546"},
    {file = "Pillow-9.1.1-cp38-cp38-manylinux_2_17_i686.manylinux2014_i686.whl", hash = "sha256:088df396b047477dd1bbc7de6e22f58400dae2f21310d9e2ec2933b2ef7dfa4f"},
    {file = "Pillow-9.1.1-cp38-cp38-manylinux_2_17_x86_64.manylinux2014_x86_64.whl", hash = "sha256:53c27bd452e0f1bc4bfed07ceb235663a1df7c74df08e37fd6b03eb89454946a"},
    {file = "Pillow-9.1.1-cp38-cp38-musllinux_1_1_x86_64.whl", hash = "sha256:3f6c1716c473ebd1649663bf3b42702d0d53e27af8b64642be0dd3598c761fb1"},
    {file = "Pillow-9.1.1-cp38-cp38-win32.whl", hash = "sha256:c67db410508b9de9c4694c57ed754b65a460e4812126e87f5052ecf23a011a54"},
    {file = "Pillow-9.1.1-cp38-cp38-win_amd64.whl", hash = "sha256:f054b020c4d7e9786ae0404278ea318768eb123403b18453e28e47cdb7a0a4bf"},
    {file = "Pillow-9.1.1-cp39-cp39-macosx_10_10_x86_64.whl", hash = "sha256:c17770a62a71718a74b7548098a74cd6880be16bcfff5f937f900ead90ca8e92"},
    {file = "Pillow-9.1.1-cp39-cp39-macosx_11_0_arm64.whl", hash = "sha256:f3f6a6034140e9e17e9abc175fc7a266a6e63652028e157750bd98e804a8ed9a"},
    {file = "Pillow-9.1.1-cp39-cp39-manylinux_2_17_aarch64.manylinux2014_aarch64.whl", hash = "sha256:f372d0f08eff1475ef426344efe42493f71f377ec52237bf153c5713de987251"},
    {file = "Pillow-9.1.1-cp39-cp39-manylinux_2_17_i686.manylinux2014_i686.whl", hash = "sha256:09e67ef6e430f90caa093528bd758b0616f8165e57ed8d8ce014ae32df6a831d"},
    {file = "Pillow-9.1.1-cp39-cp39-manylinux_2_17_x86_64.manylinux2014_x86_64.whl", hash = "sha256:66daa16952d5bf0c9d5389c5e9df562922a59bd16d77e2a276e575d32e38afd1"},
    {file = "Pillow-9.1.1-cp39-cp39-musllinux_1_1_x86_64.whl", hash = "sha256:d78ca526a559fb84faaaf84da2dd4addef5edb109db8b81677c0bb1aad342601"},
    {file = "Pillow-9.1.1-cp39-cp39-win32.whl", hash = "sha256:55e74faf8359ddda43fee01bffbc5bd99d96ea508d8a08c527099e84eb708f45"},
    {file = "Pillow-9.1.1-cp39-cp39-win_amd64.whl", hash = "sha256:7c150dbbb4a94ea4825d1e5f2c5501af7141ea95825fadd7829f9b11c97aaf6c"},
    {file = "Pillow-9.1.1-pp37-pypy37_pp73-macosx_10_10_x86_64.whl", hash = "sha256:769a7f131a2f43752455cc72f9f7a093c3ff3856bf976c5fb53a59d0ccc704f6"},
    {file = "Pillow-9.1.1-pp37-pypy37_pp73-manylinux_2_17_i686.manylinux2014_i686.whl", hash = "sha256:488f3383cf5159907d48d32957ac6f9ea85ccdcc296c14eca1a4e396ecc32098"},
    {file = "Pillow-9.1.1-pp37-pypy37_pp73-manylinux_2_17_x86_64.manylinux2014_x86_64.whl", hash = "sha256:0b525a356680022b0af53385944026d3486fc8c013638cf9900eb87c866afb4c"},
    {file = "Pillow-9.1.1-pp38-pypy38_pp73-macosx_10_10_x86_64.whl", hash = "sha256:6e760cf01259a1c0a50f3c845f9cad1af30577fd8b670339b1659c6d0e7a41dd"},
    {file = "Pillow-9.1.1-pp38-pypy38_pp73-manylinux_2_17_i686.manylinux2014_i686.whl", hash = "sha256:a4165205a13b16a29e1ac57efeee6be2dfd5b5408122d59ef2145bc3239fa340"},
    {file = "Pillow-9.1.1-pp38-pypy38_pp73-manylinux_2_17_x86_64.manylinux2014_x86_64.whl", hash = "sha256:937a54e5694684f74dcbf6e24cc453bfc5b33940216ddd8f4cd8f0f79167f765"},
    {file = "Pillow-9.1.1-pp38-pypy38_pp73-win_amd64.whl", hash = "sha256:baf3be0b9446a4083cc0c5bb9f9c964034be5374b5bc09757be89f5d2fa247b8"},
    {file = "Pillow-9.1.1.tar.gz", hash = "sha256:7502539939b53d7565f3d11d87c78e7ec900d3c72945d4ee0e2f250d598309a0"},
]
pluggy = [
    {file = "pluggy-1.0.0-py2.py3-none-any.whl", hash = "sha256:74134bbf457f031a36d68416e1509f34bd5ccc019f0bcc952c7b909d06b37bd3"},
    {file = "pluggy-1.0.0.tar.gz", hash = "sha256:4224373bacce55f955a878bf9cfa763c1e360858e330072059e10bad68531159"},
]
py = [
    {file = "py-1.11.0-py2.py3-none-any.whl", hash = "sha256:607c53218732647dff4acdfcd50cb62615cedf612e72d1724fb1a0cc6405b378"},
    {file = "py-1.11.0.tar.gz", hash = "sha256:51c75c4126074b472f746a24399ad32f6053d1b34b68d2fa41e558e6f4a98719"},
]
pycodestyle = [
    {file = "pycodestyle-2.8.0-py2.py3-none-any.whl", hash = "sha256:720f8b39dde8b293825e7ff02c475f3077124006db4f440dcbc9a20b76548a20"},
    {file = "pycodestyle-2.8.0.tar.gz", hash = "sha256:eddd5847ef438ea1c7870ca7eb78a9d47ce0cdb4851a5523949f2601d0cbbe7f"},
]
pycparser = [
    {file = "pycparser-2.21-py2.py3-none-any.whl", hash = "sha256:8ee45429555515e1f6b185e78100aea234072576aa43ab53aefcae078162fca9"},
    {file = "pycparser-2.21.tar.gz", hash = "sha256:e644fdec12f7872f86c58ff790da456218b10f863970249516d60a5eaca77206"},
]
pyflakes = [
    {file = "pyflakes-2.4.0-py2.py3-none-any.whl", hash = "sha256:3bb3a3f256f4b7968c9c788781e4ff07dce46bdf12339dcda61053375426ee2e"},
    {file = "pyflakes-2.4.0.tar.gz", hash = "sha256:05a85c2872edf37a4ed30b0cce2f6093e1d0581f8c19d7393122da7e25b2b24c"},
]
pyparsing = [
    {file = "pyparsing-3.0.9-py3-none-any.whl", hash = "sha256:5026bae9a10eeaefb61dab2f09052b9f4307d44aee4eda64b309723d8d206bbc"},
    {file = "pyparsing-3.0.9.tar.gz", hash = "sha256:2b020ecf7d21b687f219b71ecad3631f644a47f01403fa1d1036b0c6416d70fb"},
]
pyproj = [
    {file = "pyproj-3.3.1-cp310-cp310-macosx_10_9_x86_64.whl", hash = "sha256:473961faef7a9fd723c5d432f65220ea6ab3854e606bf84b4d409a75a4261c78"},
    {file = "pyproj-3.3.1-cp310-cp310-macosx_11_0_arm64.whl", hash = "sha256:07c9d8d7ec009bbac09e233cfc725601586fe06880e5538a3a44eaf560ba3a62"},
    {file = "pyproj-3.3.1-cp310-cp310-manylinux_2_17_aarch64.manylinux2014_aarch64.whl", hash = "sha256:2fef9c1e339f25c57f6ae0558b5ab1bbdf7994529a30d8d7504fc6302ea51c03"},
    {file = "pyproj-3.3.1-cp310-cp310-manylinux_2_17_i686.manylinux2014_i686.whl", hash = "sha256:140fa649fedd04f680a39f8ad339799a55cb1c49f6a84e1b32b97e49646647aa"},
    {file = "pyproj-3.3.1-cp310-cp310-manylinux_2_17_x86_64.manylinux2014_x86_64.whl", hash = "sha256:b59c08aea13ee428cf8a919212d55c036cc94784805ed77c8f31a4d1f541058c"},
    {file = "pyproj-3.3.1-cp310-cp310-win32.whl", hash = "sha256:1adc9ccd1bf04998493b6a2e87e60656c75ab790653b36cfe351e9ef214828ed"},
    {file = "pyproj-3.3.1-cp310-cp310-win_amd64.whl", hash = "sha256:42eea10afc750fccd1c5c4ba56de29ab791ab4d83c1f7db72705566282ac5396"},
    {file = "pyproj-3.3.1-cp38-cp38-macosx_10_9_x86_64.whl", hash = "sha256:531ea36519fa7b581466d4b6ab32f66ae4dadd9499d726352f71ee5e19c3d1c5"},
    {file = "pyproj-3.3.1-cp38-cp38-manylinux_2_17_aarch64.manylinux2014_aarch64.whl", hash = "sha256:67025e37598a6bbed2c9c6c9e4c911f6dd39315d3e1148ead935a5c4d64309d5"},
    {file = "pyproj-3.3.1-cp38-cp38-manylinux_2_17_i686.manylinux2014_i686.whl", hash = "sha256:aed1a3c0cd4182425f91b48d5db39f459bc2fe0d88017ead6425a1bc85faee33"},
    {file = "pyproj-3.3.1-cp38-cp38-manylinux_2_17_x86_64.manylinux2014_x86_64.whl", hash = "sha256:3cc4771403db54494e1e55bca8e6d33cde322f8cf0ed39f1557ff109c66d2cd1"},
    {file = "pyproj-3.3.1-cp38-cp38-win32.whl", hash = "sha256:c99f7b5757a28040a2dd4a28c9805fdf13eef79a796f4a566ab5cb362d10630d"},
    {file = "pyproj-3.3.1-cp38-cp38-win_amd64.whl", hash = "sha256:5dac03d4338a4c8bd0f69144c527474f517b4cbd7d2d8c532cd8937799723248"},
    {file = "pyproj-3.3.1-cp39-cp39-macosx_10_9_x86_64.whl", hash = "sha256:56b0f9ee2c5b2520b18db30a393a7b86130cf527ddbb8c96e7f3c837474a9d79"},
    {file = "pyproj-3.3.1-cp39-cp39-macosx_11_0_arm64.whl", hash = "sha256:f1032e5dfb50eae06382bcc7b9011b994f7104d932fe91bd83a722275e30e8ce"},
    {file = "pyproj-3.3.1-cp39-cp39-manylinux_2_17_aarch64.manylinux2014_aarch64.whl", hash = "sha256:5f92d8f6514516124abb714dce912b20867831162cfff9fae2678ef07b6fcf0f"},
    {file = "pyproj-3.3.1-cp39-cp39-manylinux_2_17_i686.manylinux2014_i686.whl", hash = "sha256:1ef1bfbe2dcc558c7a98e2f1836abdcd630390f3160724a6f4f5c818b2be0ad5"},
    {file = "pyproj-3.3.1-cp39-cp39-manylinux_2_17_x86_64.manylinux2014_x86_64.whl", hash = "sha256:5ca5f32b56210429b367ca4f9a57ffe67975c487af82e179a24370879a3daf68"},
    {file = "pyproj-3.3.1-cp39-cp39-win32.whl", hash = "sha256:aba199704c824fb84ab64927e7bc9ef71e603e483130ec0f7e09e97259b8f61f"},
    {file = "pyproj-3.3.1-cp39-cp39-win_amd64.whl", hash = "sha256:120d45ed73144c65e9677dc73ba8a531c495d179dd9f9f0471ac5acc02d7ac4b"},
    {file = "pyproj-3.3.1-pp38-pypy38_pp73-macosx_10_9_x86_64.whl", hash = "sha256:52efb681647dfac185cc655a709bc0caaf910031a0390f816f5fc8ce150cbedc"},
    {file = "pyproj-3.3.1-pp38-pypy38_pp73-manylinux_2_17_i686.manylinux2014_i686.whl", hash = "sha256:5ab0d6e38fda7c13726afacaf62e9f9dd858089d67910471758afd9cb24e0ecd"},
    {file = "pyproj-3.3.1-pp38-pypy38_pp73-manylinux_2_17_x86_64.manylinux2014_x86_64.whl", hash = "sha256:45487942c19c5a8b09c91964ea3201f4e094518e34743cae373889a36e3d9260"},
    {file = "pyproj-3.3.1-pp38-pypy38_pp73-win_amd64.whl", hash = "sha256:797ad5655d484feac14b0fbb4a4efeaac0cf780a223046e2465494c767fd1c3b"},
    {file = "pyproj-3.3.1.tar.gz", hash = "sha256:b3d8e14d91cc95fb3dbc03a9d0588ac58326803eefa5bbb0978d109de3304fbe"},
]
pytest = [
    {file = "pytest-7.1.2-py3-none-any.whl", hash = "sha256:13d0e3ccfc2b6e26be000cb6568c832ba67ba32e719443bfe725814d3c42433c"},
    {file = "pytest-7.1.2.tar.gz", hash = "sha256:a06a0425453864a270bc45e71f783330a7428defb4230fb5e6a731fde06ecd45"},
]
pytest-cov = [
    {file = "pytest-cov-3.0.0.tar.gz", hash = "sha256:e7f0f5b1617d2210a2cabc266dfe2f4c75a8d32fb89eafb7ad9d06f6d076d470"},
    {file = "pytest_cov-3.0.0-py3-none-any.whl", hash = "sha256:578d5d15ac4a25e5f961c938b85a05b09fdaae9deef3bb6de9a6e766622ca7a6"},
]
shapely = [
    {file = "Shapely-1.8.2-cp310-cp310-macosx_10_9_universal2.whl", hash = "sha256:7c9e3400b716c51ba43eea1678c28272580114e009b6c78cdd00c44df3e325fa"},
    {file = "Shapely-1.8.2-cp310-cp310-macosx_10_9_x86_64.whl", hash = "sha256:ce0b5c5f7acbccf98b3460eecaa40e9b18272b2a734f74fcddf1d7696e047e95"},
    {file = "Shapely-1.8.2-cp310-cp310-macosx_11_0_arm64.whl", hash = "sha256:3a40bf497b57a6625b83996aed10ce2233bca0e5471b8af771b186d681433ac5"},
    {file = "Shapely-1.8.2-cp310-cp310-manylinux_2_12_x86_64.manylinux2010_x86_64.whl", hash = "sha256:6bdc7728f1e5df430d8c588661f79f1eed4a2728c8b689e12707cfec217f68f8"},
    {file = "Shapely-1.8.2-cp310-cp310-manylinux_2_17_aarch64.manylinux2014_aarch64.whl", hash = "sha256:a60861b5ca2c488ebcdc706eca94d325c26d1567921c74acc83df5e6913590c7"},
    {file = "Shapely-1.8.2-cp310-cp310-win32.whl", hash = "sha256:840be3f27a1152851c54b968f2e12d718c9f13b7acd51c482e58a70f60f29e31"},
    {file = "Shapely-1.8.2-cp310-cp310-win_amd64.whl", hash = "sha256:c60f3758212ec480675b820b13035dda8af8f7cc560d2cc67999b2717fb8faef"},
    {file = "Shapely-1.8.2-cp36-cp36m-macosx_10_9_x86_64.whl", hash = "sha256:56413f7d32c70b63f239eb0865b24c0c61029e38757de456cc4ab3c416559a0b"},
    {file = "Shapely-1.8.2-cp36-cp36m-manylinux_2_12_i686.manylinux2010_i686.whl", hash = "sha256:256bdf8080bb7bb504d47b2c76919ecebab9708cc1b26266b3ec32b42448f642"},
    {file = "Shapely-1.8.2-cp36-cp36m-manylinux_2_12_x86_64.manylinux2010_x86_64.whl", hash = "sha256:c0a0d7752b145343838bd36ed09382d85f5befe426832d7384c5b051c147acbd"},
    {file = "Shapely-1.8.2-cp36-cp36m-win32.whl", hash = "sha256:62056e64b12b6d483d79f8e34bf058d2fe734d51c9227c1713705399434eff3b"},
    {file = "Shapely-1.8.2-cp36-cp36m-win_amd64.whl", hash = "sha256:8e3ed52a081da58eb4a885c157c594876633dbd4eb283f13ba5bf39c82322d76"},
    {file = "Shapely-1.8.2-cp37-cp37m-macosx_10_9_x86_64.whl", hash = "sha256:7c8eda45085ccdd7f9805ea4a93fdd5eb0b6039a61d5f0cefb960487e6dc17a1"},
    {file = "Shapely-1.8.2-cp37-cp37m-manylinux_2_12_i686.manylinux2010_i686.whl", hash = "sha256:beee3949ddf381735049cfa6532fb234d5d20a5be910c4f2fb7c7295fd7960e3"},
    {file = "Shapely-1.8.2-cp37-cp37m-manylinux_2_12_x86_64.manylinux2010_x86_64.whl", hash = "sha256:e07b0bd2a0e61a8afd4d1c1bd23f3550b711f01274ffb53de99358fd781eefd8"},
    {file = "Shapely-1.8.2-cp37-cp37m-win32.whl", hash = "sha256:78966332a89813b237de357a03f612fd451a871fe6e26c12b6b71645fe8eee39"},
    {file = "Shapely-1.8.2-cp37-cp37m-win_amd64.whl", hash = "sha256:8fe641f1f61b3d43dd61b5a85d2ef023e6e19bf8f204a5160a1cb1ec645cbc09"},
    {file = "Shapely-1.8.2-cp38-cp38-macosx_10_9_universal2.whl", hash = "sha256:cec89a5617c0137f4678282e983c3d63bf838fb00cdf318cc555b4d8409f7130"},
    {file = "Shapely-1.8.2-cp38-cp38-macosx_10_9_x86_64.whl", hash = "sha256:68c8e18dc9dc8a198c3addc8c9596f64137101f566f04b96ecfca0b214cb8b12"},
    {file = "Shapely-1.8.2-cp38-cp38-macosx_11_0_arm64.whl", hash = "sha256:f12695662c3ad1e6031b3de98f191963d0f09de6d1a4988acd907405644032ba"},
    {file = "Shapely-1.8.2-cp38-cp38-manylinux_2_12_i686.manylinux2010_i686.whl", hash = "sha256:15a856fbb588ad5d042784e00918c662902776452008c771ecba2ff615cd197a"},
    {file = "Shapely-1.8.2-cp38-cp38-manylinux_2_12_x86_64.manylinux2010_x86_64.whl", hash = "sha256:d74de394684d66e25e780b0359fda85be7766af85940fa2dfad728b1a815c71f"},
    {file = "Shapely-1.8.2-cp38-cp38-manylinux_2_17_aarch64.manylinux2014_aarch64.whl", hash = "sha256:d3f3fac625690f01f35af665649e993f15f924e740b5c0ac0376900655815521"},
    {file = "Shapely-1.8.2-cp38-cp38-win32.whl", hash = "sha256:1d95842cc6bbbeab673061b63e70b07be9a375c15a60f4098f8fbd29f43af1b4"},
    {file = "Shapely-1.8.2-cp38-cp38-win_amd64.whl", hash = "sha256:a58e1f362f2091743e5e13212f5d5d16251a4bb63dd0ed587c652d3be9620d3a"},
    {file = "Shapely-1.8.2-cp39-cp39-macosx_10_9_universal2.whl", hash = "sha256:5254240eefc44139ab0d128faf671635d8bdd9c23955ee063d4d6b8f20073ae0"},
    {file = "Shapely-1.8.2-cp39-cp39-macosx_10_9_x86_64.whl", hash = "sha256:75042e8039c79dd01f102bb288beace9dc2f49fc44a2dea875f9b697aa8cd30d"},
    {file = "Shapely-1.8.2-cp39-cp39-macosx_11_0_arm64.whl", hash = "sha256:0c0fd457ce477b1dced507a72f1e2084c9191bfcb8a1e09886990ebd02acf024"},
    {file = "Shapely-1.8.2-cp39-cp39-manylinux_2_12_i686.manylinux2010_i686.whl", hash = "sha256:6fcb28836ae93809de1dde73c03c9c24bab0ba2b2bf419ddb2aeb72c96d110e9"},
    {file = "Shapely-1.8.2-cp39-cp39-manylinux_2_12_x86_64.manylinux2010_x86_64.whl", hash = "sha256:44d2832c1b706bf43101fda92831a083467cc4b4923a7ed17319ab599c1025d8"},
    {file = "Shapely-1.8.2-cp39-cp39-manylinux_2_17_aarch64.manylinux2014_aarch64.whl", hash = "sha256:137f1369630408024a62ff79a437a5657e6c5b76b9cd352dde704b425acdb298"},
    {file = "Shapely-1.8.2-cp39-cp39-win32.whl", hash = "sha256:2e02da2e988e74d61f15c720f9f613fab51942aae2dfeacdcb78eadece00e1f3"},
    {file = "Shapely-1.8.2-cp39-cp39-win_amd64.whl", hash = "sha256:3423299254deec075e79fb7dc7909d702104e4167149de7f45510c3a6342eeea"},
    {file = "Shapely-1.8.2.tar.gz", hash = "sha256:572af9d5006fd5e3213e37ee548912b0341fb26724d6dc8a4e3950c10197ebb6"},
]
tinycss2 = [
    {file = "tinycss2-1.1.1-py3-none-any.whl", hash = "sha256:fe794ceaadfe3cf3e686b22155d0da5780dd0e273471a51846d0a02bc204fec8"},
    {file = "tinycss2-1.1.1.tar.gz", hash = "sha256:b2e44dd8883c360c35dd0d1b5aad0b610e5156c2cb3b33434634e539ead9d8bf"},
]
tomli = [
    {file = "tomli-2.0.1-py3-none-any.whl", hash = "sha256:939de3e7a6161af0c887ef91b7d41a53e7c5a1ca976325f429cb46ea9bc30ecc"},
    {file = "tomli-2.0.1.tar.gz", hash = "sha256:de526c12914f0c550d15924c62d72abc48d6fe7364aa87328337a31007fe8a4f"},
]
tqdm = [
    {file = "tqdm-4.64.0-py2.py3-none-any.whl", hash = "sha256:74a2cdefe14d11442cedf3ba4e21a3b84ff9a2dbdc6cfae2c34addb2a14a5ea6"},
    {file = "tqdm-4.64.0.tar.gz", hash = "sha256:40be55d30e200777a307a7585aee69e4eabb46b4ec6a4b4a5f2d9f11e7d5408d"},
]
webencodings = [
    {file = "webencodings-0.5.1-py2.py3-none-any.whl", hash = "sha256:a0af1213f3c2226497a97e2b3aa01a7e4bee4f403f95be16fc9acd2947514a78"},
    {file = "webencodings-0.5.1.tar.gz", hash = "sha256:b36a1c245f2d304965eb4e0a82848379241dc04b865afcc4aab16748587e1923"},
]
